Microsoft Visual Studio Solution File, Format Version 12.00
# Visual Studio Version 17
VisualStudioVersion = 17.5.2.0
MinimumVisualStudioVersion = 10.0.40219.1
Project("{FAE04EC0-301F-11D3-BF4B-00C04F79EFBC}") = "IntegracaoViaCep", "IntegracaoViaCep\IntegracaoViaCep.csproj", "{39B273B3-CBD5-2300-C343-C774695AD64E}"
EndProject
Global
	GlobalSection(SolutionConfigurationPlatforms) = preSolution
		Debug|Any CPU = Debug|Any CPU
		Release|Any CPU = Release|Any CPU
	EndGlobalSection
	GlobalSection(ProjectConfigurationPlatforms) = postSolution
		{39B273B3-CBD5-2300-C343-C774695AD64E}.Debug|Any CPU.ActiveCfg = Debug|Any CPU
		{39B273B3-CBD5-2300-C343-C774695AD64E}.Debug|Any CPU.Build.0 = Debug|Any CPU
		{39B273B3-CBD5-2300-C343-C774695AD64E}.Release|Any CPU.ActiveCfg = Release|Any CPU
		{39B273B3-CBD5-2300-C343-C774695AD64E}.Release|Any CPU.Build.0 = Release|Any CPU
	EndGlobalSection
	GlobalSection(SolutionProperties) = preSolution
		HideSolutionNode = FALSE
	EndGlobalSection
	GlobalSection(ExtensibilityGlobals) = postSolution
		SolutionGuid = {1D2B8E1B-2BBE-444D-B6A8-66A3F2F6E487}
	EndGlobalSection
EndGlobal
